<Solution>
  <Configurations>
    <Platform Name="Any CPU" />
    <Platform Name="x64" />
    <Platform Name="x86" />
  </Configurations>
  <Project Path="samples/DemoSpline/DemoSpline.csproj" />
  <Project Path="src/Spline/Spline.csproj" />
  <Project Path="tests/Spline.Tests/Spline.Tests.csproj" />
</Solution>
